// !$*UTF8*$!
{
	archiveVersion = 1;
	classes = {
	};
	objectVersion = 56;
	objects = {

/* Begin PBXBuildFile section */
		D01C34AE2BFDEB490006CB5F /* WhatAppApp.swift in Sources */ = {isa = PBXBuildFile; fileRef = D01C34AD2BFDEB490006CB5F /* WhatAppApp.swift */; };
		D01C34B22BFDEB4B0006CB5F /* Assets.xcassets in Resources */ = {isa = PBXBuildFile; fileRef = D01C34B12BFDEB4B0006CB5F /* Assets.xcassets */; };
		D01C34B52BFDEB4B0006CB5F /* Preview Assets.xcassets in Resources */ = {isa = PBXBuildFile; fileRef = D01C34B42BFDEB4B0006CB5F /* Preview Assets.xcassets */; };
		D01C35622BFDF3530006CB5F /* MainTabView.swift in Sources */ = {isa = PBXBuildFile; fileRef = D01C35612BFDF3530006CB5F /* MainTabView.swift */; };
		D01C35752C0459C70006CB5F /* UpdatesTabScreen.swift in Sources */ = {isa = PBXBuildFile; fileRef = D01C35742C0459C70006CB5F /* UpdatesTabScreen.swift */; };
		D01C357D2C0793A20006CB5F /* CallsTabScreen.swift in Sources */ = {isa = PBXBuildFile; fileRef = D01C357C2C0793A20006CB5F /* CallsTabScreen.swift */; };
		D0ECB7BE2C0D79D400524ECE /* CommunityTabScreen.swift in Sources */ = {isa = PBXBuildFile; fileRef = D0ECB7BD2C0D79D400524ECE /* CommunityTabScreen.swift */; };
		D0ECB7C12C0D83FA00524ECE /* ChatTabbarView.swift in Sources */ = {isa = PBXBuildFile; fileRef = D0ECB7C02C0D83FA00524ECE /* ChatTabbarView.swift */; };
/* End PBXBuildFile section */

/* Begin PBXFileReference section */
		D01C34AA2BFDEB490006CB5F /* WhatApp.app */ = {isa = PBXFileReference; explicitFileType = wrapper.application; includeInIndex = 0; path = WhatApp.app; sourceTree = BUILT_PRODUCTS_DIR; };
		D01C34AD2BFDEB490006CB5F /* WhatAppApp.swift */ = {isa = PBXFileReference; lastKnownFileType = sourcecode.swift; path = WhatAppApp.swift; sourceTree = "<group>"; };
		D01C34B12BFDEB4B0006CB5F /* Assets.xcassets */ = {isa = PBXFileReference; lastKnownFileType = folder.assetcatalog; path = Assets.xcassets; sourceTree = "<group>"; };
		D01C34B42BFDEB4B0006CB5F /* Preview Assets.xcassets */ = {isa = PBXFileReference; lastKnownFileType = folder.assetcatalog; path = "Preview Assets.xcassets"; sourceTree = "<group>"; };
		D01C35612BFDF3530006CB5F /* MainTabView.swift */ = {isa = PBXFileReference; lastKnownFileType = sourcecode.swift; path = MainTabView.swift; sourceTree = "<group>"; };
		D01C35742C0459C70006CB5F /* UpdatesTabScreen.swift */ = {isa = PBXFileReference; lastKnownFileType = sourcecode.swift; path = UpdatesTabScreen.swift; sourceTree = "<group>"; };
		D01C357C2C0793A20006CB5F /* CallsTabScreen.swift */ = {isa = PBXFileReference; lastKnownFileType = sourcecode.swift; path = CallsTabScreen.swift; sourceTree = "<group>"; };
		D0ECB7BD2C0D79D400524ECE /* CommunityTabScreen.swift */ = {isa = PBXFileReference; lastKnownFileType = sourcecode.swift; path = CommunityTabScreen.swift; sourceTree = "<group>"; };
		D0ECB7C02C0D83FA00524ECE /* ChatTabbarView.swift */ = {isa = PBXFileReference; lastKnownFileType = sourcecode.swift; path = ChatTabbarView.swift; sourceTree = "<group>"; };
/* End PBXFileReference section */

/* Begin PBXFrameworksBuildPhase section */
		D01C34A72BFDEB490006CB5F /* Frameworks */ = {
			isa = PBXFrameworksBuildPhase;
			buildActionMask = 2147483647;
			files = (
			);
			runOnlyForDeploymentPostprocessing = 0;
		};
/* End PBXFrameworksBuildPhase section */

/* Begin PBXGroup section */
		D01C34A12BFDEB490006CB5F = {
			isa = PBXGroup;
			children = (
				D01C34AC2BFDEB490006CB5F /* WhatApp */,
				D01C34AB2BFDEB490006CB5F /* Products */,
			);
			sourceTree = "<group>";
		};
		D01C34AB2BFDEB490006CB5F /* Products */ = {
			isa = PBXGroup;
			children = (
				D01C34AA2BFDEB490006CB5F /* WhatApp.app */,
			);
			name = Products;
			sourceTree = "<group>";
		};
		D01C34AC2BFDEB490006CB5F /* WhatApp */ = {
			isa = PBXGroup;
			children = (
				D01C35732C0459A30006CB5F /* MainTabbar */,
				D01C34AD2BFDEB490006CB5F /* WhatAppApp.swift */,
				D01C35612BFDF3530006CB5F /* MainTabView.swift */,
				D01C34B12BFDEB4B0006CB5F /* Assets.xcassets */,
				D01C34B32BFDEB4B0006CB5F /* Preview Content */,
			);
			path = WhatApp;
			sourceTree = "<group>";
		};
		D01C34B32BFDEB4B0006CB5F /* Preview Content */ = {
			isa = PBXGroup;
			children = (
				D01C34B42BFDEB4B0006CB5F /* Preview Assets.xcassets */,
			);
			path = "Preview Content";
			sourceTree = "<group>";
		};
		D01C35732C0459A30006CB5F /* MainTabbar */ = {
			isa = PBXGroup;
			children = (
				D0ECB7BF2C0D83C000524ECE /* Chats */,
				D0ECB7BC2C0D79BC00524ECE /* Community */,
				D0ECB7BB2C0D79B000524ECE /* Calls */,
				D0ECB7BA2C0D797700524ECE /* Updates */,
			);
			path = MainTabbar;
			sourceTree = "<group>";
		};
		D0ECB7BA2C0D797700524ECE /* Updates */ = {
			isa = PBXGroup;
			children = (
				D01C35742C0459C70006CB5F /* UpdatesTabScreen.swift */,
			);
			path = Updates;
			sourceTree = "<group>";
		};
		D0ECB7BB2C0D79B000524ECE /* Calls */ = {
			isa = PBXGroup;
			children = (
				D01C357C2C0793A20006CB5F /* CallsTabScreen.swift */,
			);
			path = Calls;
			sourceTree = "<group>";
		};
		D0ECB7BC2C0D79BC00524ECE /* Community */ = {
			isa = PBXGroup;
			children = (
				D0ECB7BD2C0D79D400524ECE /* CommunityTabScreen.swift */,
			);
			path = Community;
			sourceTree = "<group>";
		};
		D0ECB7BF2C0D83C000524ECE /* Chats */ = {
			isa = PBXGroup;
			children = (
				D0ECB7C02C0D83FA00524ECE /* ChatTabbarView.swift */,
			);
			path = Chats;
			sourceTree = "<group>";
		};
/* End PBXGroup section */

/* Begin PBXNativeTarget section */
		D01C34A92BFDEB490006CB5F /* WhatApp */ = {
			isa = PBXNativeTarget;
			buildConfigurationList = D01C34B82BFDEB4B0006CB5F /* Build configuration list for PBXNativeTarget "WhatApp" */;
			buildPhases = (
				D01C34A62BFDEB490006CB5F /* Sources */,
				D01C34A72BFDEB490006CB5F /* Frameworks */,
				D01C34A82BFDEB490006CB5F /* Resources */,
			);
			buildRules = (
			);
			dependencies = (
			);
			name = WhatApp;
			productName = WhatApp;
			productReference = D01C34AA2BFDEB490006CB5F /* WhatApp.app */;
			productType = "com.apple.product-type.application";
		};
/* End PBXNativeTarget section */

/* Begin PBXProject section */
		D01C34A22BFDEB490006CB5F /* Project object */ = {
			isa = PBXProject;
			attributes = {
				BuildIndependentTargetsInParallel = 1;
				LastSwiftUpdateCheck = 1510;
				LastUpgradeCheck = 1510;
				TargetAttributes = {
					D01C34A92BFDEB490006CB5F = {
						CreatedOnToolsVersion = 15.1;
					};
				};
			};
			buildConfigurationList = D01C34A52BFDEB490006CB5F /* Build configuration list for PBXProject "WhatApp" */;
			compatibilityVersion = "Xcode 14.0";
			developmentRegion = en;
			hasScannedForEncodings = 0;
			knownRegions = (
				en,
				Base,
			);
			mainGroup = D01C34A12BFDEB490006CB5F;
			productRefGroup = D01C34AB2BFDEB490006CB5F /* Products */;
			projectDirPath = "";
			projectRoot = "";
			targets = (
				D01C34A92BFDEB490006CB5F /* WhatApp */,
			);
		};
/* End PBXProject section */

/* Begin PBXResourcesBuildPhase section */
		D01C34A82BFDEB490006CB5F /* Resources */ = {
			isa = PBXResourcesBuildPhase;
			buildActionMask = 2147483647;
			files = (
				D01C34B52BFDEB4B0006CB5F /* Preview Assets.xcassets in Resources */,
				D01C34B22BFDEB4B0006CB5F /* Assets.xcassets in Resources */,
			);
			runOnlyForDeploymentPostprocessing = 0;
		};
/* End PBXResourcesBuildPhase section */

/* Begin PBXSourcesBuildPhase section */
		D01C34A62BFDEB490006CB5F /* Sources */ = {
			isa = PBXSourcesBuildPhase;
			buildActionMask = 2147483647;
			files = (
				D0ECB7C12C0D83FA00524ECE /* ChatTabbarView.swift in Sources */,
				D01C35752C0459C70006CB5F /* UpdatesTabScreen.swift in Sources */,
				D01C357D2C0793A20006CB5F /* CallsTabScreen.swift in Sources */,
				D0ECB7BE2C0D79D400524ECE /* CommunityTabScreen.swift in Sources */,
				D01C34AE2BFDEB490006CB5F /* WhatAppApp.swift in Sources */,
				D01C35622BFDF3530006CB5F /* MainTabView.swift in Sources */,
			);
			runOnlyForDeploymentPostprocessing = 0;
		};
/* End PBXSourcesBuildPhase section */

/* Begin XCBuildConfiguration section */
		D01C34B62BFDEB4B0006CB5F /* Debug */ = {
			isa = XCBuildConfiguration;
			buildSettings = {
				ALWAYS_SEARCH_USER_PATHS = NO;
				ASSETCATALOG_COMPILER_GENERATE_SWIFT_ASSET_SYMBOL_EXTENSIONS = YES;
				CLANG_ANALYZER_NONNULL = YES;
				CLANG_ANALYZER_NUMBER_OBJECT_CONVERSION = YES_AGGRESSIVE;
				CLANG_CXX_LANGUAGE_STANDARD = "gnu++20";
				CLANG_ENABLE_MODULES = YES;
				CLANG_ENABLE_OBJC_ARC = YES;
				CLANG_ENABLE_OBJC_WEAK = YES;
				CLANG_WARN_BLOCK_CAPTURE_AUTORELEASING = YES;
				CLANG_WARN_BOOL_CONVERSION = YES;
				CLANG_WARN_COMMA = YES;
				CLANG_WARN_CONSTANT_CONVERSION = YES;
				CLANG_WARN_DEPRECATED_OBJC_IMPLEMENTATIONS = YES;
				CLANG_WARN_DIRECT_OBJC_ISA_USAGE = YES_ERROR;
				CLANG_WARN_DOCUMENTATION_COMMENTS = YES;
				CLANG_WARN_EMPTY_BODY = YES;
				CLANG_WARN_ENUM_CONVERSION = YES;
				CLANG_WARN_INFINITE_RECURSION = YES;
				CLANG_WARN_INT_CONVERSION = YES;
				CLANG_WARN_NON_LITERAL_NULL_CONVERSION = YES;
				CLANG_WARN_OBJC_IMPLICIT_RETAIN_SELF = YES;
				CLANG_WARN_OBJC_LITERAL_CONVERSION = YES;
				CLANG_WARN_OBJC_ROOT_CLASS = YES_ERROR;
				CLANG_WARN_QUOTED_INCLUDE_IN_FRAMEWORK_HEADER = YES;
				CLANG_WARN_RANGE_LOOP_ANALYSIS = YES;
				CLANG_WARN_STRICT_PROTOTYPES = YES;
				CLANG_WARN_SUSPICIOUS_MOVE = YES;
				CLANG_WARN_UNGUARDED_AVAILABILITY = YES_AGGRESSIVE;
				CLANG_WARN_UNREACHABLE_CODE = YES;
				CLANG_WARN__DUPLICATE_METHOD_MATCH = YES;
				COPY_PHASE_STRIP = NO;
				DEBUG_INFORMATION_FORMAT = dwarf;
				ENABLE_STRICT_OBJC_MSGSEND = YES;
				ENABLE_TESTABILITY = YES;
				ENABLE_USER_SCRIPT_SANDBOXING = YES;
				GCC_C_LANGUAGE_STANDARD = gnu17;
				GCC_DYNAMIC_NO_PIC = NO;
				GCC_NO_COMMON_BLOCKS = YES;
				GCC_OPTIMIZATION_LEVEL = 0;
				GCC_PREPROCESSOR_DEFINITIONS = (
					"DEBUG=1",
					"$(inherited)",
				);
				GCC_WARN_64_TO_32_BIT_CONVERSION = YES;
				GCC_WARN_ABOUT_RETURN_TYPE = YES_ERROR;
				GCC_WARN_UNDECLARED_SELECTOR = YES;
				GCC_WARN_UNINITIALIZED_AUTOS = YES_AGGRESSIVE;
				GCC_WARN_UNUSED_FUNCTION = YES;
				GCC_WARN_UNUSED_VARIABLE = YES;
				IPHONEOS_DEPLOYMENT_TARGET = 17.2;
				LOCALIZATION_PREFERS_STRING_CATALOGS = YES;
				MTL_ENABLE_DEBUG_INFO = INCLUDE_SOURCE;
				MTL_FAST_MATH = YES;
				ONLY_ACTIVE_ARCH = YES;
				SDKROOT = iphoneos;
				SWIFT_ACTIVE_COMPILATION_CONDITIONS = "DEBUG $(inherited)";
				SWIFT_OPTIMIZATION_LEVEL = "-Onone";
			};
			name = Debug;
		};
		D01C34B72BFDEB4B0006CB5F /* Release */ = {
			isa = XCBuildConfiguration;
			buildSettings = {
				ALWAYS_SEARCH_USER_PATHS = NO;
				ASSETCATALOG_COMPILER_GENERATE_SWIFT_ASSET_SYMBOL_EXTENSIONS = YES;
				CLANG_ANALYZER_NONNULL = YES;
				CLANG_ANALYZER_NUMBER_OBJECT_CONVERSION = YES_AGGRESSIVE;
				CLANG_CXX_LANGUAGE_STANDARD = "gnu++20";
				CLANG_ENABLE_MODULES = YES;
				CLANG_ENABLE_OBJC_ARC = YES;
				CLANG_ENABLE_OBJC_WEAK = YES;
				CLANG_WARN_BLOCK_CAPTURE_AUTORELEASING = YES;
				CLANG_WARN_BOOL_CONVERSION = YES;
				CLANG_WARN_COMMA = YES;
				CLANG_WARN_CONSTANT_CONVERSION = YES;
				CLANG_WARN_DEPRECATED_OBJC_IMPLEMENTATIONS = YES;
				CLANG_WARN_DIRECT_OBJC_ISA_USAGE = YES_ERROR;
				CLANG_WARN_DOCUMENTATION_COMMENTS = YES;
				CLANG_WARN_EMPTY_BODY = YES;
				CLANG_WARN_ENUM_CONVERSION = YES;
				CLANG_WARN_INFINITE_RECURSION = YES;
				CLANG_WARN_INT_CONVERSION = YES;
				CLANG_WARN_NON_LITERAL_NULL_CONVERSION = YES;
				CLANG_WARN_OBJC_IMPLICIT_RETAIN_SELF = YES;
				CLANG_WARN_OBJC_LITERAL_CONVERSION = YES;
				CLANG_WARN_OBJC_ROOT_CLASS = YES_ERROR;
				CLANG_WARN_QUOTED_INCLUDE_IN_FRAMEWORK_HEADER = YES;
				CLANG_WARN_RANGE_LOOP_ANALYSIS = YES;
				CLANG_WARN_STRICT_PROTOTYPES = YES;
				CLANG_WARN_SUSPICIOUS_MOVE = YES;
				CLANG_WARN_UNGUARDED_AVAILABILITY = YES_AGGRESSIVE;
				CLANG_WARN_UNREACHABLE_CODE = YES;
				CLANG_WARN__DUPLICATE_METHOD_MATCH = YES;
				COPY_PHASE_STRIP = NO;
				DEBUG_INFORMATION_FORMAT = "dwarf-with-dsym";
				ENABLE_NS_ASSERTIONS = NO;
				ENABLE_STRICT_OBJC_MSGSEND = YES;
				ENABLE_USER_SCRIPT_SANDBOXING = YES;
				GCC_C_LANGUAGE_STANDARD = gnu17;
				GCC_NO_COMMON_BLOCKS = YES;
				GCC_WARN_64_TO_32_BIT_CONVERSION = YES;
				GCC_WARN_ABOUT_RETURN_TYPE = YES_ERROR;
				GCC_WARN_UNDECLARED_SELECTOR = YES;
				GCC_WARN_UNINITIALIZED_AUTOS = YES_AGGRESSIVE;
				GCC_WARN_UNUSED_FUNCTION = YES;
				GCC_WARN_UNUSED_VARIABLE = YES;
				IPHONEOS_DEPLOYMENT_TARGET = 17.2;
				LOCALIZATION_PREFERS_STRING_CATALOGS = YES;
				MTL_ENABLE_DEBUG_INFO = NO;
				MTL_FAST_MATH = YES;
				SDKROOT = iphoneos;
				SWIFT_COMPILATION_MODE = wholemodule;
				VALIDATE_PRODUCT = YES;
			};
			name = Release;
		};
		D01C34B92BFDEB4B0006CB5F /* Debug */ = {
			isa = XCBuildConfiguration;
			buildSettings = {
				ASSETCATALOG_COMPILER_APPICON_NAME = AppIcon;
				ASSETCATALOG_COMPILER_GLOBAL_ACCENT_COLOR_NAME = AccentColor;
				CODE_SIGN_STYLE = Automatic;
				CURRENT_PROJECT_VERSION = 1;
				DEVELOPMENT_ASSET_PATHS = "\"WhatApp/Preview Content\"";
				DEVELOPMENT_TEAM = HNS64TAJ9X;
				ENABLE_PREVIEWS = YES;
				GENERATE_INFOPLIST_FILE = YES;
				INFOPLIST_KEY_UIApplicationSceneManifest_Generation = YES;
				INFOPLIST_KEY_UIApplicationSupportsIndirectInputEvents = YES;
				INFOPLIST_KEY_UILaunchScreen_Generation = YES;
				INFOPLIST_KEY_UISupportedInterfaceOrientations_iPad = "UIInterfaceOrientationPortrait UIInterfaceOrientationPortraitUpsideDown UIInterfaceOrientationLandscapeLeft UIInterfaceOrientationLandscapeRight";
				INFOPLIST_KEY_UISupportedInterfaceOrientations_iPhone = "UIInterfaceOrientationPortrait UIInterfaceOrientationLandscapeLeft UIInterfaceOrientationLandscapeRight";
				LD_RUNPATH_SEARCH_PATHS = (
					"$(inherited)",
					"@executable_path/Frameworks",
				);
				MARKETING_VERSION = 1.0;
				PRODUCT_BUNDLE_IDENTIFIER = com.Dexlist.WhatApp;
				PRODUCT_NAME = "$(TARGET_NAME)";
				SWIFT_EMIT_LOC_STRINGS = YES;
				SWIFT_VERSION = 5.0;
				TARGETED_DEVICE_FAMILY = "1,2";
			};
			name = Debug;
		};
		D01C34BA2BFDEB4B0006CB5F /* Release */ = {
			isa = XCBuildConfiguration;
			buildSettings = {
				ASSETCATALOG_COMPILER_APPICON_NAME = AppIcon;
				ASSETCATALOG_COMPILER_GLOBAL_ACCENT_COLOR_NAME = AccentColor;
				CODE_SIGN_STYLE = Automatic;
				CURRENT_PROJECT_VERSION = 1;
				DEVELOPMENT_ASSET_PATHS = "\"WhatApp/Preview Content\"";
				DEVELOPMENT_TEAM = HNS64TAJ9X;
				ENABLE_PREVIEWS = YES;
				GENERATE_INFOPLIST_FILE = YES;
				INFOPLIST_KEY_UIApplicationSceneManifest_Generation = YES;
				INFOPLIST_KEY_UIApplicationSupportsIndirectInputEvents = YES;
				INFOPLIST_KEY_UILaunchScreen_Generation = YES;
				INFOPLIST_KEY_UISupportedInterfaceOrientations_iPad = "UIInterfaceOrientationPortrait UIInterfaceOrientationPortraitUpsideDown UIInterfaceOrientationLandscapeLeft UIInterfaceOrientationLandscapeRight";
				INFOPLIST_KEY_UISupportedInterfaceOrientations_iPhone = "UIInterfaceOrientationPortrait UIInterfaceOrientationLandscapeLeft UIInterfaceOrientationLandscapeRight";
				LD_RUNPATH_SEARCH_PATHS = (
					"$(inherited)",
					"@executable_path/Frameworks",
				);
				MARKETING_VERSION = 1.0;
				PRODUCT_BUNDLE_IDENTIFIER = com.Dexlist.WhatApp;
				PRODUCT_NAME = "$(TARGET_NAME)";
				SWIFT_EMIT_LOC_STRINGS = YES;
				SWIFT_VERSION = 5.0;
				TARGETED_DEVICE_FAMILY = "1,2";
			};
			name = Release;
		};
/* End XCBuildConfiguration section */

/* Begin XCConfigurationList section */
		D01C34A52BFDEB490006CB5F /* Build configuration list for PBXProject "WhatApp" */ = {
			isa = XCConfigurationList;
			buildConfigurations = (
				D01C34B62BFDEB4B0006CB5F /* Debug */,
				D01C34B72BFDEB4B0006CB5F /* Release */,
			);
			defaultConfigurationIsVisible = 0;
			defaultConfigurationName = Release;
		};
		D01C34B82BFDEB4B0006CB5F /* Build configuration list for PBXNativeTarget "WhatApp" */ = {
			isa = XCConfigurationList;
			buildConfigurations = (
				D01C34B92BFDEB4B0006CB5F /* Debug */,
				D01C34BA2BFDEB4B0006CB5F /* Release */,
			);
			defaultConfigurationIsVisible = 0;
			defaultConfigurationName = Release;
		};
/* End XCConfigurationList section */
	};
	rootObject = D01C34A22BFDEB490006CB5F /* Project object */;
}
